// !$*UTF8*$!
{
	archiveVersion = 1;
	classes = {
	};
	objectVersion = 48;
	objects = {

/* Begin PBXBuildFile section */
		205042452002D6B4002B6EA2 /* AppDelegate.swift in Sources */ = {isa = PBXBuildFile; fileRef = 205042442002D6B4002B6EA2 /* AppDelegate.swift */; };
		205042472002D6B4002B6EA2 /* ViewController.swift in Sources */ = {isa = PBXBuildFile; fileRef = 205042462002D6B4002B6EA2 /* ViewController.swift */; };
		2050424A2002D6B4002B6EA2 /* Main.storyboard in Resources */ = {isa = PBXBuildFile; fileRef = 205042482002D6B4002B6EA2 /* Main.storyboard */; };
		2050424C2002D6B4002B6EA2 /* Assets.xcassets in Resources */ = {isa = PBXBuildFile; fileRef = 2050424B2002D6B4002B6EA2 /* Assets.xcassets */; };
		2050424F2002D6B4002B6EA2 /* LaunchScreen.storyboard in Resources */ = {isa = PBXBuildFile; fileRef = 2050424D2002D6B4002B6EA2 /* LaunchScreen.storyboard */; };
		205042572002F002002B6EA2 /* Post.swift in Sources */ = {isa = PBXBuildFile; fileRef = 205042562002F002002B6EA2 /* Post.swift */; };
/* End PBXBuildFile section */

/* Begin PBXFileReference section */
		205042412002D6B4002B6EA2 /* Encodable and Decodable.app */ = {isa = PBXFileReference; explicitFileType = wrapper.application; includeInIndex = 0; path = "Encodable and Decodable.app"; sourceTree = BUILT_PRODUCTS_DIR; };
		205042442002D6B4002B6EA2 /* AppDelegate.swift */ = {isa = PBXFileReference; lastKnownFileType = sourcecode.swift; path = AppDelegate.swift; sourceTree = "<group>"; };
		205042462002D6B4002B6EA2 /* ViewController.swift */ = {isa = PBXFileReference; lastKnownFileType = sourcecode.swift; path = ViewController.swift; sourceTree = "<group>"; };
		205042492002D6B4002B6EA2 /* Base */ = {isa = PBXFileReference; lastKnownFileType = file.storyboard; name = Base; path = Base.lproj/Main.storyboard; sourceTree = "<group>"; };
		2050424B2002D6B4002B6EA2 /* Assets.xcassets */ = {isa = PBXFileReference; lastKnownFileType = folder.assetcatalog; path = Assets.xcassets; sourceTree = "<group>"; };
		2050424E2002D6B4002B6EA2 /* Base */ = {isa = PBXFileReference; lastKnownFileType = file.storyboard; name = Base; path = Base.lproj/LaunchScreen.storyboard; sourceTree = "<group>"; };
		205042502002D6B4002B6EA2 /* Info.plist */ = {isa = PBXFileReference; lastKnownFileType = text.plist.xml; path = Info.plist; sourceTree = "<group>"; };
		205042562002F002002B6EA2 /* Post.swift */ = {isa = PBXFileReference; lastKnownFileType = sourcecode.swift; path = Post.swift; sourceTree = "<group>"; };
/* End PBXFileReference section */

/* Begin PBXFrameworksBuildPhase section */
		2050423E2002D6B4002B6EA2 /* Frameworks */ = {
			isa = PBXFrameworksBuildPhase;
			buildActionMask = 2147483647;
			files = (
			);
			runOnlyForDeploymentPostprocessing = 0;
		};
/* End PBXFrameworksBuildPhase section */

/* Begin PBXGroup section */
		205042382002D6B4002B6EA2 = {
			isa = PBXGroup;
			children = (
				205042432002D6B4002B6EA2 /* Encodable and Decodable */,
				205042422002D6B4002B6EA2 /* Products */,
			);
			sourceTree = "<group>";
		};
		205042422002D6B4002B6EA2 /* Products */ = {
			isa = PBXGroup;
			children = (
				205042412002D6B4002B6EA2 /* Encodable and Decodable.app */,
			);
			name = Products;
			sourceTree = "<group>";
		};
		205042432002D6B4002B6EA2 /* Encodable and Decodable */ = {
			isa = PBXGroup;
			children = (
				205042442002D6B4002B6EA2 /* AppDelegate.swift */,
				205042462002D6B4002B6EA2 /* ViewController.swift */,
				205042562002F002002B6EA2 /* Post.swift */,
				205042482002D6B4002B6EA2 /* Main.storyboard */,
				2050424B2002D6B4002B6EA2 /* Assets.xcassets */,
				2050424D2002D6B4002B6EA2 /* LaunchScreen.storyboard */,
				205042502002D6B4002B6EA2 /* Info.plist */,
			);
			path = "Encodable and Decodable";
			sourceTree = "<group>";
		};
/* End PBXGroup section */

/* Begin PBXNativeTarget section */
		205042402002D6B4002B6EA2 /* Encodable and Decodable */ = {
			isa = PBXNativeTarget;
			buildConfigurationList = 205042532002D6B4002B6EA2 /* Build configuration list for PBXNativeTarget "Encodable and Decodable" */;
			buildPhases = (
				2050423D2002D6B4002B6EA2 /* Sources */,
				2050423E2002D6B4002B6EA2 /* Frameworks */,
				2050423F2002D6B4002B6EA2 /* Resources */,
			);
			buildRules = (
			);
			dependencies = (
			);
			name = "Encodable and Decodable";
			productName = "Encodable and Decodable";
			productReference = 205042412002D6B4002B6EA2 /* Encodable and Decodable.app */;
			productType = "com.apple.product-type.application";
		};
/* End PBXNativeTarget section */

/* Begin PBXProject section */
		205042392002D6B4002B6EA2 /* Project object */ = {
			isa = PBXProject;
			attributes = {
				LastSwiftUpdateCheck = 0920;
				LastUpgradeCheck = 0920;
				ORGANIZATIONNAME = "Lucas Caron Albarello";
				TargetAttributes = {
					205042402002D6B4002B6EA2 = {
						CreatedOnToolsVersion = 9.2;
						ProvisioningStyle = Automatic;
					};
				};
			};
			buildConfigurationList = 2050423C2002D6B4002B6EA2 /* Build configuration list for PBXProject "Encodable and Decodable" */;
			compatibilityVersion = "Xcode 8.0";
			developmentRegion = en;
			hasScannedForEncodings = 0;
			knownRegions = (
				en,
				Base,
			);
			mainGroup = 205042382002D6B4002B6EA2;
			productRefGroup = 205042422002D6B4002B6EA2 /* Products */;
			projectDirPath = "";
			projectRoot = "";
			targets = (
				205042402002D6B4002B6EA2 /* Encodable and Decodable */,
			);
		};
/* End PBXProject section */

/* Begin PBXResourcesBuildPhase section */
		2050423F2002D6B4002B6EA2 /* Resources */ = {
			isa = PBXResourcesBuildPhase;
			buildActionMask = 2147483647;
			files = (
				2050424F2002D6B4002B6EA2 /* LaunchScreen.storyboard in Resources */,
				2050424C2002D6B4002B6EA2 /* Assets.xcassets in Resources */,
				2050424A2002D6B4002B6EA2 /* Main.storyboard in Resources */,
			);
			runOnlyForDeploymentPostprocessing = 0;
		};
/* End PBXResourcesBuildPhase section */

/* Begin PBXSourcesBuildPhase section */
		2050423D2002D6B4002B6EA2 /* Sources */ = {
			isa = PBXSourcesBuildPhase;
			buildActionMask = 2147483647;
			files = (
				205042572002F002002B6EA2 /* Post.swift in Sources */,
				205042472002D6B4002B6EA2 /* ViewController.swift in Sources */,
				205042452002D6B4002B6EA2 /* AppDelegate.swift in Sources */,
			);
			runOnlyForDeploymentPostprocessing = 0;
		};
/* End PBXSourcesBuildPhase section */

/* Begin PBXVariantGroup section */
		205042482002D6B4002B6EA2 /* Main.storyboard */ = {
			isa = PBXVariantGroup;
			children = (
				205042492002D6B4002B6EA2 /* Base */,
			);
			name = Main.storyboard;
			sourceTree = "<group>";
		};
		2050424D2002D6B4002B6EA2 /* LaunchScreen.storyboard */ = {
			isa = PBXVariantGroup;
			children = (
				2050424E2002D6B4002B6EA2 /* Base */,
			);
			name = LaunchScreen.storyboard;
			sourceTree = "<group>";
		};
/* End PBXVariantGroup section */

/* Begin XCBuildConfiguration section */
		205042512002D6B4002B6EA2 /* Debug */ = {
			isa = XCBuildConfiguration;
			buildSettings = {
				ALWAYS_SEARCH_USER_PATHS = NO;
				CLANG_ANALYZER_NONNULL = YES;
				CLANG_ANALYZER_NUMBER_OBJECT_CONVERSION = YES_AGGRESSIVE;
				CLANG_CXX_LANGUAGE_STANDARD = "gnu++14";
				CLANG_CXX_LIBRARY = "libc++";
				CLANG_ENABLE_MODULES = YES;
				CLANG_ENABLE_OBJC_ARC = YES;
				CLANG_WARN_BLOCK_CAPTURE_AUTORELEASING = YES;
				CLANG_WARN_BOOL_CONVERSION = YES;
				CLANG_WARN_COMMA = YES;
				CLANG_WARN_CONSTANT_CONVERSION = YES;
				CLANG_WARN_DIRECT_OBJC_ISA_USAGE = YES_ERROR;
				CLANG_WARN_DOCUMENTATION_COMMENTS = YES;
				CLANG_WARN_EMPTY_BODY = YES;
				CLANG_WARN_ENUM_CONVERSION = YES;
				CLANG_WARN_INFINITE_RECURSION = YES;
				CLANG_WARN_INT_CONVERSION = YES;
				CLANG_WARN_NON_LITERAL_NULL_CONVERSION = YES;
				CLANG_WARN_OBJC_LITERAL_CONVERSION = YES;
				CLANG_WARN_OBJC_ROOT_CLASS = YES_ERROR;
				CLANG_WARN_RANGE_LOOP_ANALYSIS = YES;
				CLANG_WARN_STRICT_PROTOTYPES = YES;
				CLANG_WARN_SUSPICIOUS_MOVE = YES;
				CLANG_WARN_UNGUARDED_AVAILABILITY = YES_AGGRESSIVE;
				CLANG_WARN_UNREACHABLE_CODE = YES;
				CLANG_WARN__DUPLICATE_METHOD_MATCH = YES;
				CODE_SIGN_IDENTITY = "iPhone Developer";
				COPY_PHASE_STRIP = NO;
				DEBUG_INFORMATION_FORMAT = dwarf;
				ENABLE_STRICT_OBJC_MSGSEND = YES;
				ENABLE_TESTABILITY = YES;
				GCC_C_LANGUAGE_STANDARD = gnu11;
				GCC_DYNAMIC_NO_PIC = NO;
				GCC_NO_COMMON_BLOCKS = YES;
				GCC_OPTIMIZATION_LEVEL = 0;
				GCC_PREPROCESSOR_DEFINITIONS = (
					"DEBUG=1",
					"$(inherited)",
				);
				GCC_WARN_64_TO_32_BIT_CONVERSION = YES;
				GCC_WARN_ABOUT_RETURN_TYPE = YES_ERROR;
				GCC_WARN_UNDECLARED_SELECTOR = YES;
				GCC_WARN_UNINITIALIZED_AUTOS = YES_AGGRESSIVE;
				GCC_WARN_UNUSED_FUNCTION = YES;
				GCC_WARN_UNUSED_VARIABLE = YES;
				IPHONEOS_DEPLOYMENT_TARGET = 11.2;
				MTL_ENABLE_DEBUG_INFO = YES;
				ONLY_ACTIVE_ARCH = YES;
				SDKROOT = iphoneos;
				SWIFT_ACTIVE_COMPILATION_CONDITIONS = DEBUG;
				SWIFT_OPTIMIZATION_LEVEL = "-Onone";
			};
			name = Debug;
		};
		205042522002D6B4002B6EA2 /* Release */ = {
			isa = XCBuildConfiguration;
			buildSettings = {
				ALWAYS_SEARCH_USER_PATHS = NO;
				CLANG_ANALYZER_NONNULL = YES;
				CLANG_ANALYZER_NUMBER_OBJECT_CONVERSION = YES_AGGRESSIVE;
				CLANG_CXX_LANGUAGE_STANDARD = "gnu++14";
				CLANG_CXX_LIBRARY = "libc++";
				CLANG_ENABLE_MODULES = YES;
				CLANG_ENABLE_OBJC_ARC = YES;
				CLANG_WARN_BLOCK_CAPTURE_AUTORELEASING = YES;
				CLANG_WARN_BOOL_CONVERSION = YES;
				CLANG_WARN_COMMA = YES;
				CLANG_WARN_CONSTANT_CONVERSION = YES;
				CLANG_WARN_DIRECT_OBJC_ISA_USAGE = YES_ERROR;
				CLANG_WARN_DOCUMENTATION_COMMENTS = YES;
				CLANG_WARN_EMPTY_BODY = YES;
				CLANG_WARN_ENUM_CONVERSION = YES;
				CLANG_WARN_INFINITE_RECURSION = YES;
				CLANG_WARN_INT_CONVERSION = YES;
				CLANG_WARN_NON_LITERAL_NULL_CONVERSION = YES;
				CLANG_WARN_OBJC_LITERAL_CONVERSION = YES;
				CLANG_WARN_OBJC_ROOT_CLASS = YES_ERROR;
				CLANG_WARN_RANGE_LOOP_ANALYSIS = YES;
				CLANG_WARN_STRICT_PROTOTYPES = YES;
				CLANG_WARN_SUSPICIOUS_MOVE = YES;
				CLANG_WARN_UNGUARDED_AVAILABILITY = YES_AGGRESSIVE;
				CLANG_WARN_UNREACHABLE_CODE = YES;
				CLANG_WARN__DUPLICATE_METHOD_MATCH = YES;
				CODE_SIGN_IDENTITY = "iPhone Developer";
				COPY_PHASE_STRIP = NO;
				DEBUG_INFORMATION_FORMAT = "dwarf-with-dsym";
				ENABLE_NS_ASSERTIONS = NO;
				ENABLE_STRICT_OBJC_MSGSEND = YES;
				GCC_C_LANGUAGE_STANDARD = gnu11;
				GCC_NO_COMMON_BLOCKS = YES;
				GCC_WARN_64_TO_32_BIT_CONVERSION = YES;
				GCC_WARN_ABOUT_RETURN_TYPE = YES_ERROR;
				GCC_WARN_UNDECLARED_SELECTOR = YES;
				GCC_WARN_UNINITIALIZED_AUTOS = YES_AGGRESSIVE;
				GCC_WARN_UNUSED_FUNCTION = YES;
				GCC_WARN_UNUSED_VARIABLE = YES;
				IPHONEOS_DEPLOYMENT_TARGET = 11.2;
				MTL_ENABLE_DEBUG_INFO = NO;
				SDKROOT = iphoneos;
				SWIFT_OPTIMIZATION_LEVEL = "-Owholemodule";
				VALIDATE_PRODUCT = YES;
			};
			name = Release;
		};
		205042542002D6B4002B6EA2 /* Debug */ = {
			isa = XCBuildConfiguration;
			buildSettings = {
				ASSETCATALOG_COMPILER_APPICON_NAME = AppIcon;
				CODE_SIGN_STYLE = Automatic;
				DEVELOPMENT_TEAM = 5M2592277G;
				INFOPLIST_FILE = "Encodable and Decodable/Info.plist";
				LD_RUNPATH_SEARCH_PATHS = "$(inherited) @executable_path/Frameworks";
				PRODUCT_BUNDLE_IDENTIFIER = "com.lucasnoracapps.Encodable-and-Decodable";
				PRODUCT_NAME = "$(TARGET_NAME)";
				SWIFT_VERSION = 4.0;
				TARGETED_DEVICE_FAMILY = "1,2";
			};
			name = Debug;
		};
		205042552002D6B4002B6EA2 /* Release */ = {
			isa = XCBuildConfiguration;
			buildSettings = {
				ASSETCATALOG_COMPILER_APPICON_NAME = AppIcon;
				CODE_SIGN_STYLE = Automatic;
				DEVELOPMENT_TEAM = 5M2592277G;
				INFOPLIST_FILE = "Encodable and Decodable/Info.plist";
				LD_RUNPATH_SEARCH_PATHS = "$(inherited) @executable_path/Frameworks";
				PRODUCT_BUNDLE_IDENTIFIER = "com.lucasnoracapps.Encodable-and-Decodable";
				PRODUCT_NAME = "$(TARGET_NAME)";
				SWIFT_VERSION = 4.0;
				TARGETED_DEVICE_FAMILY = "1,2";
			};
			name = Release;
		};
/* End XCBuildConfiguration section */

/* Begin XCConfigurationList section */
		2050423C2002D6B4002B6EA2 /* Build configuration list for PBXProject "Encodable and Decodable" */ = {
			isa = XCConfigurationList;
			buildConfigurations = (
				205042512002D6B4002B6EA2 /* Debug */,
				205042522002D6B4002B6EA2 /* Release */,
			);
			defaultConfigurationIsVisible = 0;
			defaultConfigurationName = Release;
		};
		205042532002D6B4002B6EA2 /* Build configuration list for PBXNativeTarget "Encodable and Decodable" */ = {
			isa = XCConfigurationList;
			buildConfigurations = (
				205042542002D6B4002B6EA2 /* Debug */,
				205042552002D6B4002B6EA2 /* Release */,
			);
			defaultConfigurationIsVisible = 0;
			defaultConfigurationName = Release;
		};
/* End XCConfigurationList section */
	};
	rootObject = 205042392002D6B4002B6EA2 /* Project object */;
}
